
Microsoft Visual Studio Solution File, Format Version 12.00
# Visual Studio 15
Project("{FAE04EC0-301F-11D3-BF4B-00C04F79EFBC}") = "Assembly-CSharp", "Assembly-CSharp.csproj", "{3BCB41CE-32AD-D16C-39E6-44EA876AB67A}"
EndProject
Project("{FAE04EC0-301F-11D3-BF4B-00C04F79EFBC}") = "Assembly-CSharp-Editor", "Assembly-CSharp-Editor.csproj", "{DB4A74CA-E11D-EF85-B6A7-AFD37CC0BE4D}"
EndProject
Global
	GlobalSection(SolutionConfigurationPlatforms) = preSolution
		Debug|Any CPU = Debug|Any CPU
		Release|Any CPU = Release|Any CPU
	EndGlobalSection
	GlobalSection(ProjectConfigurationPlatforms) = postSolution
		{3BCB41CE-32AD-D16C-39E6-44EA876AB67A}.Debug|Any CPU.ActiveCfg = Debug|Any CPU
		{3BCB41CE-32AD-D16C-39E6-44EA876AB67A}.Debug|Any CPU.Build.0 = Debug|Any CPU
		{3BCB41CE-32AD-D16C-39E6-44EA876AB67A}.Release|Any CPU.ActiveCfg = Release|Any CPU
		{3BCB41CE-32AD-D16C-39E6-44EA876AB67A}.Release|Any CPU.Build.0 = Release|Any CPU
		{DB4A74CA-E11D-EF85-B6A7-AFD37CC0BE4D}.Debug|Any CPU.ActiveCfg = Debug|Any CPU
		{DB4A74CA-E11D-EF85-B6A7-AFD37CC0BE4D}.Debug|Any CPU.Build.0 = Debug|Any CPU
		{DB4A74CA-E11D-EF85-B6A7-AFD37CC0BE4D}.Release|Any CPU.ActiveCfg = Release|Any CPU
		{DB4A74CA-E11D-EF85-B6A7-AFD37CC0BE4D}.Release|Any CPU.Build.0 = Release|Any CPU
	EndGlobalSection
	GlobalSection(SolutionProperties) = preSolution
		HideSolutionNode = FALSE
	EndGlobalSection
EndGlobal
